
Microsoft Visual Studio Solution File, Format Version 12.00
# Visual Studio Version 17
VisualStudioVersion = 17.6.33829.357
MinimumVisualStudioVersion = 10.0.40219.1
Project("{FAE04EC0-301F-11D3-BF4B-00C04F79EFBC}") = "VOD.Admin.UI", "VOD.Admin.UI\VOD.Admin.UI.csproj", "{5C0EF163-FB29-4B53-B655-E94985870550}"
EndProject
Global
	GlobalSection(SolutionConfigurationPlatforms) = preSolution
		Debug|Any CPU = Debug|Any CPU
		Release|Any CPU = Release|Any CPU
	EndGlobalSection
	GlobalSection(ProjectConfigurationPlatforms) = postSolution
		{5C0EF163-FB29-4B53-B655-E94985870550}.Debug|Any CPU.ActiveCfg = Debug|Any CPU
		{5C0EF163-FB29-4B53-B655-E94985870550}.Debug|Any CPU.Build.0 = Debug|Any CPU
		{5C0EF163-FB29-4B53-B655-E94985870550}.Release|Any CPU.ActiveCfg = Release|Any CPU
		{5C0EF163-FB29-4B53-B655-E94985870550}.Release|Any CPU.Build.0 = Release|Any CPU
	EndGlobalSection
	GlobalSection(SolutionProperties) = preSolution
		HideSolutionNode = FALSE
	EndGlobalSection
	GlobalSection(ExtensibilityGlobals) = postSolution
		SolutionGuid = {E1F517A7-8AA9-449B-8A82-364CF07A94C8}
	EndGlobalSection
EndGlobal
